
Microsoft Visual Studio Solution File, Format Version 12.00
# Visual Studio Version 17
VisualStudioVersion = 17.6.33829.357
MinimumVisualStudioVersion = 10.0.40219.1
Project("{FAE04EC0-301F-11D3-BF4B-00C04F79EFBC}") = "HelloWorld", "HelloWorld\HelloWorld.csproj", "{B8560F71-00DB-4845-84BA-78F2311AEF77}"
EndProject
Global
	GlobalSection(SolutionConfigurationPlatforms) = preSolution
		Debug|Any CPU = Debug|Any CPU
		Release|Any CPU = Release|Any CPU
	EndGlobalSection
	GlobalSection(ProjectConfigurationPlatforms) = postSolution
		{B8560F71-00DB-4845-84BA-78F2311AEF77}.Debug|Any CPU.ActiveCfg = Debug|Any CPU
		{B8560F71-00DB-4845-84BA-78F2311AEF77}.Debug|Any CPU.Build.0 = Debug|Any CPU
		{B8560F71-00DB-4845-84BA-78F2311AEF77}.Release|Any CPU.ActiveCfg = Release|Any CPU
		{B8560F71-00DB-4845-84BA-78F2311AEF77}.Release|Any CPU.Build.0 = Release|Any CPU
	EndGlobalSection
	GlobalSection(SolutionProperties) = preSolution
		HideSolutionNode = FALSE
	EndGlobalSection
	GlobalSection(ExtensibilityGlobals) = postSolution
		SolutionGuid = {5DB879C9-04CF-4B45-B985-C10C0AC25774}
	EndGlobalSection
EndGlobal
